# This file is generated by running "yarn install" inside your project.
# Manual changes might be lost - proceed with caution!

__metadata:
  version: 5
  cacheKey: 8

"@types/marked@npm:4.0.1":
  version: 4.0.1
  resolution: "@types/marked@npm:4.0.1"
  checksum: c2dabaae5ed5e2806ee3ef7f717ef7fe91ac5ee2718162219dd34de9d684d36efd561987fb3316b659d1add6d432696ca507da04b94380a77aac30870cb276d7
  languageName: node
  linkType: hard

"@types/node@npm:*":
  version: 14.14.28
  resolution: "@types/node@npm:14.14.28"
  checksum: a8dcec1fc45a8c1573f519d33d1d017562432f939a5ec2fd6f71343a51085b2c5d105db1186086cd1bba9abf95e80c7538ef2eb459e8719d48b77458eb19be64
  languageName: node
  linkType: hard

"@types/puppeteer-core@npm:5.4.0":
  version: 5.4.0
  resolution: "@types/puppeteer-core@npm:5.4.0"
  dependencies:
    "@types/puppeteer": "*"
  checksum: a62fef210beed01bc122007eebc7b223e28d4e49cb6233587e388c86d8954aab124bb0818fee3ca3e6536f5fa3126e1f63f570534f5fa149eb063eb6f1573775
  languageName: node
  linkType: hard

"@types/puppeteer@npm:*":
  version: 5.4.3
  resolution: "@types/puppeteer@npm:5.4.3"
  dependencies:
    "@types/node": "*"
  checksum: 0595a8aa9d14357fce67644dd7b58864f8b1339ceea8c455179c581511327fa02f814cd83e615b207ec67ca5fec6446073132eb32d83344ee79bbef93e66d106
  languageName: node
  linkType: hard

"@types/puppeteer@npm:5.4.4":
  version: 5.4.4
  resolution: "@types/puppeteer@npm:5.4.4"
  dependencies:
    "@types/node": "*"
  checksum: 99aa9e8fe0234b5624e93b36e38b407c48e2b9663c46dfc651ee37819e7ce1d19dfcd61d5b3f23b3d0b0f606615e0f298a86b3116a1b3cd09aa139204731e3b1
  languageName: node
  linkType: hard

"@types/yauzl@npm:^2.9.1":
  version: 2.9.1
  resolution: "@types/yauzl@npm:2.9.1"
  dependencies:
    "@types/node": "*"
  checksum: 9035415c6526687b6354d45d66e366e490c8375402d8af028b74765a73e8c19d2fcfcbfa7eff27720cb8c625b7dbb902ffa9c131225b0976d5b821dd9d1cb210
  languageName: node
  linkType: hard

"agent-base@npm:6":
  version: 6.0.2
  resolution: "agent-base@npm:6.0.2"
  dependencies:
    debug: 4
  checksum: f52b6872cc96fd5f622071b71ef200e01c7c4c454ee68bc9accca90c98cfb39f2810e3e9aa330435835eedc8c23f4f8a15267f67c6e245d2b33757575bdac49d
  languageName: node
  linkType: hard

"balanced-match@npm:^1.0.0":
  version: 1.0.0
  resolution: "balanced-match@npm:1.0.0"
  checksum: 9b67bfe558772f40cf743a3469b48b286aecec2ea9fe80c48d74845e53aab1cef524fafedf123a63019b49ac397760573ef5f173f539423061f7217cbb5fbd40
  languageName: node
  linkType: hard

"base64-js@npm:^1.3.1":
  version: 1.5.1
  resolution: "base64-js@npm:1.5.1"
  checksum: 669632eb3745404c2f822a18fc3a0122d2f9a7a13f7fb8b5823ee19d1d2ff9ee5b52c53367176ea4ad093c332fd5ab4bd0ebae5a8e27917a4105a4cfc86b1005
  languageName: node
  linkType: hard

"bl@npm:^4.0.3":
  version: 4.1.0
  resolution: "bl@npm:4.1.0"
  dependencies:
    buffer: ^5.5.0
    inherits: ^2.0.4
    readable-stream: ^3.4.0
  checksum: 9e8521fa7e83aa9427c6f8ccdcba6e8167ef30cc9a22df26effcc5ab682ef91d2cbc23a239f945d099289e4bbcfae7a192e9c28c84c6202e710a0dfec3722662
  languageName: node
  linkType: hard

"brace-expansion@npm:^1.1.7":
  version: 1.1.11
  resolution: "brace-expansion@npm:1.1.11"
  dependencies:
    balanced-match: ^1.0.0
    concat-map: 0.0.1
  checksum: faf34a7bb0c3fcf4b59c7808bc5d2a96a40988addf2e7e09dfbb67a2251800e0d14cd2bfc1aa79174f2f5095c54ff27f46fb1289fe2d77dac755b5eb3434cc07
  languageName: node
  linkType: hard

"buffer-crc32@npm:~0.2.3":
  version: 0.2.13
  resolution: "buffer-crc32@npm:0.2.13"
  checksum: 06252347ae6daca3453b94e4b2f1d3754a3b146a111d81c68924c22d91889a40623264e95e67955b1cb4a68cbedf317abeabb5140a9766ed248973096db5ce1c
  languageName: node
  linkType: hard

"buffer@npm:^5.2.1, buffer@npm:^5.5.0":
  version: 5.7.1
  resolution: "buffer@npm:5.7.1"
  dependencies:
    base64-js: ^1.3.1
    ieee754: ^1.1.13
  checksum: e2cf8429e1c4c7b8cbd30834ac09bd61da46ce35f5c22a78e6c2f04497d6d25541b16881e30a019c6fd3154150650ccee27a308eff3e26229d788bbdeb08ab84
  languageName: node
  linkType: hard

"chownr@npm:^1.1.1":
  version: 1.1.4
  resolution: "chownr@npm:1.1.4"
  checksum: 115648f8eb38bac5e41c3857f3e663f9c39ed6480d1349977c4d96c95a47266fcacc5a5aabf3cb6c481e22d72f41992827db47301851766c4fd77ac21a4f081d
  languageName: node
  linkType: hard

"chrome-aws-lambda@npm:7.0.0":
  version: 7.0.0
  resolution: "chrome-aws-lambda@npm:7.0.0"
  dependencies:
    lambdafs: ^2.0.2
  peerDependencies:
    puppeteer-core: 7.0.x
  checksum: cf7a2b5f1bbb1f59a543af6529d1a5bbf9feee1ac0053b9186be9f25ff278678e410e086ad4870fdc0e78c590bc1344bbc61adf61674eecb7942b75182dec077
  languageName: node
  linkType: hard

"concat-map@npm:0.0.1":
  version: 0.0.1
  resolution: "concat-map@npm:0.0.1"
  checksum: 902a9f5d8967a3e2faf138d5cb784b9979bad2e6db5357c5b21c568df4ebe62bcb15108af1b2253744844eb964fc023fbd9afbbbb6ddd0bcc204c6fb5b7bf3af
  languageName: node
  linkType: hard

"debug@npm:4, debug@npm:^4.1.1":
  version: 4.3.1
  resolution: "debug@npm:4.3.1"
  dependencies:
    ms: 2.1.2
  peerDependenciesMeta:
    supports-color:
      optional: true
  checksum: 2c3352e37d5c46b0d203317cd45ea0e26b2c99f2d9dfec8b128e6ceba90dfb65425f5331bf3020fe9929d7da8c16758e737f4f3bfc0fce6b8b3d503bae03298b
  languageName: node
  linkType: hard

"debug@npm:4.3.2":
  version: 4.3.2
  resolution: "debug@npm:4.3.2"
  dependencies:
    ms: 2.1.2
  peerDependenciesMeta:
    supports-color:
      optional: true
  checksum: 820ea160e267e23c953c9ed87e7ad93494d8cda2f7349af5e7e3bb236d23707ee3022f477d5a7d2ee86ef2bf7d60aa9ab22d1f58080d7deb9dccd073585e1e43
  languageName: node
  linkType: hard

"devtools-protocol@npm:0.0.948846":
  version: 0.0.948846
  resolution: "devtools-protocol@npm:0.0.948846"
  checksum: add29ebdcc60d2ccb11f8c7125c3d500957da63bac6bc7633041761ea12320febebbc58530e94bc23e0586ce4de2623fb5eaae0971ecbfc778f7159448519b0a
  languageName: node
  linkType: hard

"end-of-stream@npm:^1.1.0, end-of-stream@npm:^1.4.1":
  version: 1.4.4
  resolution: "end-of-stream@npm:1.4.4"
  dependencies:
    once: ^1.4.0
  checksum: 530a5a5a1e517e962854a31693dbb5c0b2fc40b46dad2a56a2deec656ca040631124f4795823acc68238147805f8b021abbe221f4afed5ef3c8e8efc2024908b
  languageName: node
  linkType: hard

"extract-zip@npm:2.0.1":
  version: 2.0.1
  resolution: "extract-zip@npm:2.0.1"
  dependencies:
    "@types/yauzl": ^2.9.1
    debug: ^4.1.1
    get-stream: ^5.1.0
    yauzl: ^2.10.0
  dependenciesMeta:
    "@types/yauzl":
      optional: true
  bin:
    extract-zip: cli.js
  checksum: 8cbda9debdd6d6980819cc69734d874ddd71051c9fe5bde1ef307ebcedfe949ba57b004894b585f758b7c9eeeea0e3d87f2dda89b7d25320459c2c9643ebb635
  languageName: node
  linkType: hard

"fd-slicer@npm:~1.1.0":
  version: 1.1.0
  resolution: "fd-slicer@npm:1.1.0"
  dependencies:
    pend: ~1.2.0
  checksum: c8585fd5713f4476eb8261150900d2cb7f6ff2d87f8feb306ccc8a1122efd152f1783bdb2b8dc891395744583436bfd8081d8e63ece0ec8687eeefea394d4ff2
  languageName: node
  linkType: hard

"find-up@npm:^4.0.0":
  version: 4.1.0
  resolution: "find-up@npm:4.1.0"
  dependencies:
    locate-path: ^5.0.0
    path-exists: ^4.0.0
  checksum: 4c172680e8f8c1f78839486e14a43ef82e9decd0e74145f40707cc42e7420506d5ec92d9a11c22bd2c48fb0c384ea05dd30e10dd152fefeec6f2f75282a8b844
  languageName: node
  linkType: hard

"fs-constants@npm:^1.0.0":
  version: 1.0.0
  resolution: "fs-constants@npm:1.0.0"
  checksum: 18f5b718371816155849475ac36c7d0b24d39a11d91348cfcb308b4494824413e03572c403c86d3a260e049465518c4f0d5bd00f0371cdfcad6d4f30a85b350d
  languageName: node
  linkType: hard

"fs-extra@npm:^8.0.1":
  version: 8.1.0
  resolution: "fs-extra@npm:8.1.0"
  dependencies:
    graceful-fs: ^4.2.0
    jsonfile: ^4.0.0
    universalify: ^0.1.0
  checksum: bf44f0e6cea59d5ce071bba4c43ca76d216f89e402dc6285c128abc0902e9b8525135aa808adad72c9d5d218e9f4bcc63962815529ff2f684ad532172a284880
  languageName: node
  linkType: hard

"fs.realpath@npm:^1.0.0":
  version: 1.0.0
  resolution: "fs.realpath@npm:1.0.0"
  checksum: 99ddea01a7e75aa276c250a04eedeffe5662bce66c65c07164ad6264f9de18fb21be9433ead460e54cff20e31721c811f4fb5d70591799df5f85dce6d6746fd0
  languageName: node
  linkType: hard

"get-stream@npm:^5.1.0":
  version: 5.2.0
  resolution: "get-stream@npm:5.2.0"
  dependencies:
    pump: ^3.0.0
  checksum: 8bc1a23174a06b2b4ce600df38d6c98d2ef6d84e020c1ddad632ad75bac4e092eeb40e4c09e0761c35fc2dbc5e7fff5dab5e763a383582c4a167dd69a905bd12
  languageName: node
  linkType: hard

"glob@npm:^7.1.3":
  version: 7.1.6
  resolution: "glob@npm:7.1.6"
  dependencies:
    fs.realpath: ^1.0.0
    inflight: ^1.0.4
    inherits: 2
    minimatch: ^3.0.4
    once: ^1.3.0
    path-is-absolute: ^1.0.0
  checksum: 351d549dd90553b87c2d3f90ce11aed9e1093c74130440e7ae0592e11bbcd2ce7f0ebb8ba6bfe63aaf9b62166a7f4c80cb84490ae5d78408bb2572bf7d4ee0a6
  languageName: node
  linkType: hard

"graceful-fs@npm:^4.1.6, graceful-fs@npm:^4.2.0":
  version: 4.2.6
  resolution: "graceful-fs@npm:4.2.6"
  checksum: 792e64aafda05a151289f83eaa16aff34ef259658cefd65393883d959409f5a2389b0ec9ebf28f3d21f1b0ddc8f594a1162ae9b18e2b507a6799a70706ec573d
  languageName: node
  linkType: hard

"https-proxy-agent@npm:5.0.0":
  version: 5.0.0
  resolution: "https-proxy-agent@npm:5.0.0"
  dependencies:
    agent-base: 6
    debug: 4
  checksum: 165bfb090bd26d47693597661298006841ab733d0c7383a8cb2f17373387a94c903a3ac687090aa739de05e379ab6f868bae84ab4eac288ad85c328cd1ec9e53
  languageName: node
  linkType: hard

"ieee754@npm:^1.1.13":
  version: 1.2.1
  resolution: "ieee754@npm:1.2.1"
  checksum: 5144c0c9815e54ada181d80a0b810221a253562422e7c6c3a60b1901154184f49326ec239d618c416c1c5945a2e197107aee8d986a3dd836b53dffefd99b5e7e
  languageName: node
  linkType: hard

"inflight@npm:^1.0.4":
  version: 1.0.6
  resolution: "inflight@npm:1.0.6"
  dependencies:
    once: ^1.3.0
    wrappy: 1
  checksum: f4f76aa072ce19fae87ce1ef7d221e709afb59d445e05d47fba710e85470923a75de35bfae47da6de1b18afc3ce83d70facf44cfb0aff89f0a3f45c0a0244dfd
  languageName: node
  linkType: hard

"inherits@npm:2, inherits@npm:^2.0.3, inherits@npm:^2.0.4":
  version: 2.0.4
  resolution: "inherits@npm:2.0.4"
  checksum: 4a48a733847879d6cf6691860a6b1e3f0f4754176e4d71494c41f3475553768b10f84b5ce1d40fbd0e34e6bfbb864ee35858ad4dd2cf31e02fc4a154b724d7f1
  languageName: node
  linkType: hard

"jsonfile@npm:^4.0.0":
  version: 4.0.0
  resolution: "jsonfile@npm:4.0.0"
  dependencies:
    graceful-fs: ^4.1.6
  dependenciesMeta:
    graceful-fs:
      optional: true
  checksum: 6447d6224f0d31623eef9b51185af03ac328a7553efcee30fa423d98a9e276ca08db87d71e17f2310b0263fd3ffa6c2a90a6308367f661dc21580f9469897c9e
  languageName: node
  linkType: hard

"jsonfile@npm:^5.0.0":
  version: 5.0.0
  resolution: "jsonfile@npm:5.0.0"
  dependencies:
    graceful-fs: ^4.1.6
    universalify: ^0.1.2
  dependenciesMeta:
    graceful-fs:
      optional: true
  checksum: e0ecff572dba34153a66e3a3bc5c6cb01a2c1d2cf4a2c19b6728dcfcab39d94be9cca4a0fc86a17ff2c815f2aeb43768ac75545780dbea4009433fdc32aa14d1
  languageName: node
  linkType: hard

"lambdafs@npm:^2.0.2":
  version: 2.0.2
  resolution: "lambdafs@npm:2.0.2"
  dependencies:
    tar-fs: ^2.1.1
  bin:
    lambdafs: bin/brotli.js
  checksum: 44085b2d27df278a3093ef890daa3da439ed570dd99f8c3fffd6a6506a9ff54285e798dc77d844bb9a6277fcb66f27013e845100ecdc353eaaecb941289e8b83
  languageName: node
  linkType: hard

"locate-path@npm:^5.0.0":
  version: 5.0.0
  resolution: "locate-path@npm:5.0.0"
  dependencies:
    p-locate: ^4.1.0
  checksum: 83e51725e67517287d73e1ded92b28602e3ae5580b301fe54bfb76c0c723e3f285b19252e375712316774cf52006cb236aed5704692c32db0d5d089b69696e30
  languageName: node
  linkType: hard

"marked@npm:4.0.10":
  version: 4.0.10
  resolution: "marked@npm:4.0.10"
  bin:
    marked: bin/marked.js
  checksum: 46cd8ef1a7cfcf5e461727c7f3e16dd4244369ef58f60485e75d3f5df9d53a8249b9609e96a336521eaa5c88d9531cbd296509a148718056e9375e69609f4442
  languageName: node
  linkType: hard

"minimatch@npm:^3.0.4":
  version: 3.0.4
  resolution: "minimatch@npm:3.0.4"
  dependencies:
    brace-expansion: ^1.1.7
  checksum: 66ac295f8a7b59788000ea3749938b0970344c841750abd96694f80269b926ebcafad3deeb3f1da2522978b119e6ae3a5869b63b13a7859a456b3408bd18a078
  languageName: node
  linkType: hard

"mkdirp-classic@npm:^0.5.2":
  version: 0.5.3
  resolution: "mkdirp-classic@npm:0.5.3"
  checksum: 3f4e088208270bbcc148d53b73e9a5bd9eef05ad2cbf3b3d0ff8795278d50dd1d11a8ef1875ff5aea3fa888931f95bfcb2ad5b7c1061cfefd6284d199e6776ac
  languageName: node
  linkType: hard

"ms@npm:2.1.2":
  version: 2.1.2
  resolution: "ms@npm:2.1.2"
  checksum: 673cdb2c3133eb050c745908d8ce632ed2c02d85640e2edb3ace856a2266a813b30c613569bf3354fdf4ea7d1a1494add3bfa95e2713baa27d0c2c71fc44f58f
  languageName: node
  linkType: hard

"node-fetch@npm:2.6.7":
  version: 2.6.7
  resolution: "node-fetch@npm:2.6.7"
  dependencies:
    whatwg-url: ^5.0.0
  peerDependencies:
    encoding: ^0.1.0
  peerDependenciesMeta:
    encoding:
      optional: true
  checksum: 8d816ffd1ee22cab8301c7756ef04f3437f18dace86a1dae22cf81db8ef29c0bf6655f3215cb0cdb22b420b6fe141e64b26905e7f33f9377a7fa59135ea3e10b
  languageName: node
  linkType: hard

"once@npm:^1.3.0, once@npm:^1.3.1, once@npm:^1.4.0":
  version: 1.4.0
  resolution: "once@npm:1.4.0"
  dependencies:
    wrappy: 1
  checksum: cd0a88501333edd640d95f0d2700fbde6bff20b3d4d9bdc521bdd31af0656b5706570d6c6afe532045a20bb8dc0849f8332d6f2a416e0ba6d3d3b98806c7db68
  languageName: node
  linkType: hard

"p-limit@npm:^2.2.0":
  version: 2.3.0
  resolution: "p-limit@npm:2.3.0"
  dependencies:
    p-try: ^2.0.0
  checksum: 84ff17f1a38126c3314e91ecfe56aecbf36430940e2873dadaa773ffe072dc23b7af8e46d4b6485d302a11673fe94c6b67ca2cfbb60c989848b02100d0594ac1
  languageName: node
  linkType: hard

"p-locate@npm:^4.1.0":
  version: 4.1.0
  resolution: "p-locate@npm:4.1.0"
  dependencies:
    p-limit: ^2.2.0
  checksum: 513bd14a455f5da4ebfcb819ef706c54adb09097703de6aeaa5d26fe5ea16df92b48d1ac45e01e3944ce1e6aa2a66f7f8894742b8c9d6e276e16cd2049a2b870
  languageName: node
  linkType: hard

"p-try@npm:^2.0.0":
  version: 2.2.0
  resolution: "p-try@npm:2.2.0"
  checksum: f8a8e9a7693659383f06aec604ad5ead237c7a261c18048a6e1b5b85a5f8a067e469aa24f5bc009b991ea3b058a87f5065ef4176793a200d4917349881216cae
  languageName: node
  linkType: hard

"path-exists@npm:^4.0.0":
  version: 4.0.0
  resolution: "path-exists@npm:4.0.0"
  checksum: 505807199dfb7c50737b057dd8d351b82c033029ab94cb10a657609e00c1bc53b951cfdbccab8de04c5584d5eff31128ce6afd3db79281874a5ef2adbba55ed1
  languageName: node
  linkType: hard

"path-is-absolute@npm:^1.0.0":
  version: 1.0.1
  resolution: "path-is-absolute@npm:1.0.1"
  checksum: 060840f92cf8effa293bcc1bea81281bd7d363731d214cbe5c227df207c34cd727430f70c6037b5159c8a870b9157cba65e775446b0ab06fd5ecc7e54615a3b8
  languageName: node
  linkType: hard

"pend@npm:~1.2.0":
  version: 1.2.0
  resolution: "pend@npm:1.2.0"
  checksum: 6c72f5243303d9c60bd98e6446ba7d30ae29e3d56fdb6fae8767e8ba6386f33ee284c97efe3230a0d0217e2b1723b8ab490b1bbf34fcbb2180dbc8a9de47850d
  languageName: node
  linkType: hard

"pkg-dir@npm:4.2.0":
  version: 4.2.0
  resolution: "pkg-dir@npm:4.2.0"
  dependencies:
    find-up: ^4.0.0
  checksum: 9863e3f35132bf99ae1636d31ff1e1e3501251d480336edb1c211133c8d58906bed80f154a1d723652df1fda91e01c7442c2eeaf9dc83157c7ae89087e43c8d6
  languageName: node
  linkType: hard

"progress@npm:2.0.3":
  version: 2.0.3
  resolution: "progress@npm:2.0.3"
  checksum: f67403fe7b34912148d9252cb7481266a354bd99ce82c835f79070643bb3c6583d10dbcfda4d41e04bbc1d8437e9af0fb1e1f2135727878f5308682a579429b7
  languageName: node
  linkType: hard

"proxy-from-env@npm:1.1.0":
  version: 1.1.0
  resolution: "proxy-from-env@npm:1.1.0"
  checksum: ed7fcc2ba0a33404958e34d95d18638249a68c430e30fcb6c478497d72739ba64ce9810a24f53a7d921d0c065e5b78e3822759800698167256b04659366ca4d4
  languageName: node
  linkType: hard

"pump@npm:^3.0.0":
  version: 3.0.0
  resolution: "pump@npm:3.0.0"
  dependencies:
    end-of-stream: ^1.1.0
    once: ^1.3.1
  checksum: e42e9229fba14732593a718b04cb5e1cfef8254544870997e0ecd9732b189a48e1256e4e5478148ecb47c8511dca2b09eae56b4d0aad8009e6fac8072923cfc9
  languageName: node
  linkType: hard

"puppeteer-core@npm:13.1.2":
  version: 13.1.2
  resolution: "puppeteer-core@npm:13.1.2"
  dependencies:
    debug: 4.3.2
    devtools-protocol: 0.0.948846
    extract-zip: 2.0.1
    https-proxy-agent: 5.0.0
    node-fetch: 2.6.7
    pkg-dir: 4.2.0
    progress: 2.0.3
    proxy-from-env: 1.1.0
    rimraf: 3.0.2
    tar-fs: 2.1.1
    unbzip2-stream: 1.4.3
    ws: 8.2.3
  checksum: 7e52660bd63b6177f2d777133c86c0c01e5c830526c5e75475a47b1be7ab898c27d4b86f5b40b4d352ade82b9d6bec09213fd9b3aecc072fc13f0397f21ece8e
  languageName: node
  linkType: hard

"readable-stream@npm:^3.1.1, readable-stream@npm:^3.4.0":
  version: 3.6.0
  resolution: "readable-stream@npm:3.6.0"
  dependencies:
    inherits: ^2.0.3
    string_decoder: ^1.1.1
    util-deprecate: ^1.0.1
  checksum: d4ea81502d3799439bb955a3a5d1d808592cf3133350ed352aeaa499647858b27b1c4013984900238b0873ec8d0d8defce72469fb7a83e61d53f5ad61cb80dc8
  languageName: node
  linkType: hard

"rimraf@npm:3.0.2":
  version: 3.0.2
  resolution: "rimraf@npm:3.0.2"
  dependencies:
    glob: ^7.1.3
  bin:
    rimraf: bin.js
  checksum: 87f4164e396f0171b0a3386cc1877a817f572148ee13a7e113b238e48e8a9f2f31d009a92ec38a591ff1567d9662c6b67fd8818a2dbbaed74bc26a87a2a4a9a0
  languageName: node
  linkType: hard

"root-workspace-0b6124@workspace:.":
  version: 0.0.0-use.local
  resolution: "root-workspace-0b6124@workspace:."
  dependencies:
    "@types/marked": 4.0.1
    "@types/puppeteer": 5.4.4
    "@types/puppeteer-core": 5.4.0
    chrome-aws-lambda: 7.0.0
    marked: 4.0.10
    puppeteer-core: 13.1.2
    twemoji: 13.0.1
    typescript: 4.1.5
  languageName: unknown
  linkType: soft

"safe-buffer@npm:~5.2.0":
  version: 5.2.1
  resolution: "safe-buffer@npm:5.2.1"
  checksum: b99c4b41fdd67a6aaf280fcd05e9ffb0813654894223afb78a31f14a19ad220bba8aba1cb14eddce1fcfb037155fe6de4e861784eb434f7d11ed58d1e70dd491
  languageName: node
  linkType: hard

"string_decoder@npm:^1.1.1":
  version: 1.3.0
  resolution: "string_decoder@npm:1.3.0"
  dependencies:
    safe-buffer: ~5.2.0
  checksum: 8417646695a66e73aefc4420eb3b84cc9ffd89572861fe004e6aeb13c7bc00e2f616247505d2dbbef24247c372f70268f594af7126f43548565c68c117bdeb56
  languageName: node
  linkType: hard

"tar-fs@npm:2.1.1, tar-fs@npm:^2.1.1":
  version: 2.1.1
  resolution: "tar-fs@npm:2.1.1"
  dependencies:
    chownr: ^1.1.1
    mkdirp-classic: ^0.5.2
    pump: ^3.0.0
    tar-stream: ^2.1.4
  checksum: f5b9a70059f5b2969e65f037b4e4da2daf0fa762d3d232ffd96e819e3f94665dbbbe62f76f084f1acb4dbdcce16c6e4dac08d12ffc6d24b8d76720f4d9cf032d
  languageName: node
  linkType: hard

"tar-stream@npm:^2.1.4":
  version: 2.2.0
  resolution: "tar-stream@npm:2.2.0"
  dependencies:
    bl: ^4.0.3
    end-of-stream: ^1.4.1
    fs-constants: ^1.0.0
    inherits: ^2.0.3
    readable-stream: ^3.1.1
  checksum: 699831a8b97666ef50021c767f84924cfee21c142c2eb0e79c63254e140e6408d6d55a065a2992548e72b06de39237ef2b802b99e3ece93ca3904a37622a66f3
  languageName: node
  linkType: hard

"through@npm:^2.3.8":
  version: 2.3.8
  resolution: "through@npm:2.3.8"
  checksum: a38c3e059853c494af95d50c072b83f8b676a9ba2818dcc5b108ef252230735c54e0185437618596c790bbba8fcdaef5b290405981ffa09dce67b1f1bf190cbd
  languageName: node
  linkType: hard

"tr46@npm:~0.0.3":
  version: 0.0.3
  resolution: "tr46@npm:0.0.3"
  checksum: 726321c5eaf41b5002e17ffbd1fb7245999a073e8979085dacd47c4b4e8068ff5777142fc6726d6ca1fd2ff16921b48788b87225cbc57c72636f6efa8efbffe3
  languageName: node
  linkType: hard

"twemoji-parser@npm:13.0.0":
  version: 13.0.0
  resolution: "twemoji-parser@npm:13.0.0"
  checksum: c8f3ee807ae5fb88dbdcf8a2a17491373263c1f0c50f1b9b6b3a8a4021749ba5147cf7b6796f9356a5b5c10e2245d5210c499b3ed4a28ea53badedac9883bdee
  languageName: node
  linkType: hard

"twemoji@npm:13.0.1":
  version: 13.0.1
  resolution: "twemoji@npm:13.0.1"
  dependencies:
    fs-extra: ^8.0.1
    jsonfile: ^5.0.0
    twemoji-parser: 13.0.0
    universalify: ^0.1.2
  checksum: b9a09efe6309968f369d53470dae6b3582a13d9442f3e63b074fd825784459d63e26919735d596687e8d559aadea346a9b07a9e76489e466c0299f44545f8ee1
  languageName: node
  linkType: hard

"typescript@npm:4.1.5":
  version: 4.1.5
  resolution: "typescript@npm:4.1.5"
  bin:
    tsc: bin/tsc
    tsserver: bin/tsserver
  checksum: af660e69aa5184520dfa57362dcf7fd1b26d08b869d76b3bd58dcc04058a757983f470cd61ded824ab01fa08a81d58c7f607d8e360f4e550664b9439d04f8e41
  languageName: node
  linkType: hard

"typescript@patch:typescript@4.1.5#~builtin<compat/typescript>":
  version: 4.1.5
  resolution: "typescript@patch:typescript@npm%3A4.1.5#~builtin<compat/typescript>::version=4.1.5&hash=493e53"
  bin:
    tsc: bin/tsc
    tsserver: bin/tsserver
  checksum: fde897357ff6bb729323dc6d58753193d0d8e3d90ea66081f9a4eb798e1056a3a47a49c666a7bccdf93e37780ed0913b78de83a766c6da85b73bad3ed34470d0
  languageName: node
  linkType: hard

"unbzip2-stream@npm:1.4.3":
  version: 1.4.3
  resolution: "unbzip2-stream@npm:1.4.3"
  dependencies:
    buffer: ^5.2.1
    through: ^2.3.8
  checksum: 0e67c4a91f4fa0fc7b4045f8b914d3498c2fc2e8c39c359977708ec85ac6d6029840e97f508675fdbdf21fcb8d276ca502043406f3682b70f075e69aae626d1d
  languageName: node
  linkType: hard

"universalify@npm:^0.1.0, universalify@npm:^0.1.2":
  version: 0.1.2
  resolution: "universalify@npm:0.1.2"
  checksum: 40cdc60f6e61070fe658ca36016a8f4ec216b29bf04a55dce14e3710cc84c7448538ef4dad3728d0bfe29975ccd7bfb5f414c45e7b78883567fb31b246f02dff
  languageName: node
  linkType: hard

"util-deprecate@npm:^1.0.1":
  version: 1.0.2
  resolution: "util-deprecate@npm:1.0.2"
  checksum: 474acf1146cb2701fe3b074892217553dfcf9a031280919ba1b8d651a068c9b15d863b7303cb15bd00a862b498e6cf4ad7b4a08fb134edd5a6f7641681cb54a2
  languageName: node
  linkType: hard

"webidl-conversions@npm:^3.0.0":
  version: 3.0.1
  resolution: "webidl-conversions@npm:3.0.1"
  checksum: c92a0a6ab95314bde9c32e1d0a6dfac83b578f8fa5f21e675bc2706ed6981bc26b7eb7e6a1fab158e5ce4adf9caa4a0aee49a52505d4d13c7be545f15021b17c
  languageName: node
  linkType: hard

"whatwg-url@npm:^5.0.0":
  version: 5.0.0
  resolution: "whatwg-url@npm:5.0.0"
  dependencies:
    tr46: ~0.0.3
    webidl-conversions: ^3.0.0
  checksum: b8daed4ad3356cc4899048a15b2c143a9aed0dfae1f611ebd55073310c7b910f522ad75d727346ad64203d7e6c79ef25eafd465f4d12775ca44b90fa82ed9e2c
  languageName: node
  linkType: hard

"wrappy@npm:1":
  version: 1.0.2
  resolution: "wrappy@npm:1.0.2"
  checksum: 159da4805f7e84a3d003d8841557196034155008f817172d4e986bd591f74aa82aa7db55929a54222309e01079a65a92a9e6414da5a6aa4b01ee44a511ac3ee5
  languageName: node
  linkType: hard

"ws@npm:8.2.3":
  version: 8.2.3
  resolution: "ws@npm:8.2.3"
  peerDependencies:
    bufferutil: ^4.0.1
    utf-8-validate: ^5.0.2
  peerDependenciesMeta:
    bufferutil:
      optional: true
    utf-8-validate:
      optional: true
  checksum: c869296ccb45f218ac6d32f8f614cd85b50a21fd434caf11646008eef92173be53490810c5c23aea31bc527902261fbfd7b062197eea341b26128d4be56a85e4
  languageName: node
  linkType: hard

"yauzl@npm:^2.10.0":
  version: 2.10.0
  resolution: "yauzl@npm:2.10.0"
  dependencies:
    buffer-crc32: ~0.2.3
    fd-slicer: ~1.1.0
  checksum: 7f21fe0bbad6e2cb130044a5d1d0d5a0e5bf3d8d4f8c4e6ee12163ce798fee3de7388d22a7a0907f563ac5f9d40f8699a223d3d5c1718da90b0156da6904022b
  languageName: node
  linkType: hard
